
Microsoft Visual Studio Solution File, Format Version 12.00
# Visual Studio 15
Project("{FAE04EC0-301F-11D3-BF4B-00C04F79EFBC}") = "UnityEngine.TestRunner", "UnityEngine.TestRunner.csproj", "{53777FB0-A485-C19E-CC65-151296E216BA}"
EndProject
Project("{FAE04EC0-301F-11D3-BF4B-00C04F79EFBC}") = "UnityEngine.UI", "UnityEngine.UI.csproj", "{42891E53-B547-7F99-9378-5CF3A6835E30}"
EndProject
Project("{FAE04EC0-301F-11D3-BF4B-00C04F79EFBC}") = "Unity.TextMeshPro", "Unity.TextMeshPro.csproj", "{FDBA32D7-3985-82ED-6D05-BCA014CC84BB}"
EndProject
Project("{FAE04EC0-301F-11D3-BF4B-00C04F79EFBC}") = "Unity.Timeline", "Unity.Timeline.csproj", "{F0BFB68F-877D-E02B-D807-3CCC26659039}"
EndProject
Project("{FAE04EC0-301F-11D3-BF4B-00C04F79EFBC}") = "OEBIF", "OEBIF.csproj", "{AD16016F-F224-C290-847B-846EC9F6D516}"
EndProject
Project("{FAE04EC0-301F-11D3-BF4B-00C04F79EFBC}") = "Assembly-CSharp", "Assembly-CSharp.csproj", "{D55CC647-6C86-0BE5-D00C-970EF2405927}"
EndProject
Project("{FAE04EC0-301F-11D3-BF4B-00C04F79EFBC}") = "UnityEditor.TestRunner", "UnityEditor.TestRunner.csproj", "{A608233E-6F38-4F72-F143-6EADDFB4530F}"
EndProject
Project("{FAE04EC0-301F-11D3-BF4B-00C04F79EFBC}") = "Unity.TextMeshPro.Editor", "Unity.TextMeshPro.Editor.csproj", "{B597DA94-F500-300E-4160-D2ADDF1572C7}"
EndProject
Project("{FAE04EC0-301F-11D3-BF4B-00C04F79EFBC}") = "Unity.Timeline.Editor", "Unity.Timeline.Editor.csproj", "{A095DF26-C956-AEF2-CF2B-6EA422B674FD}"
EndProject
Project("{FAE04EC0-301F-11D3-BF4B-00C04F79EFBC}") = "UnityEditor.UI", "UnityEditor.UI.csproj", "{3490D382-B851-F5D8-444E-5FC169957595}"
EndProject
Project("{FAE04EC0-301F-11D3-BF4B-00C04F79EFBC}") = "Unity.Rider.Editor", "Unity.Rider.Editor.csproj", "{49436D49-FA64-1F85-37ED-5738600CEC26}"
EndProject
Project("{FAE04EC0-301F-11D3-BF4B-00C04F79EFBC}") = "Unity.CollabProxy.Editor", "Unity.CollabProxy.Editor.csproj", "{D36F3EAF-E22C-A808-1CD4-BF917CB22E59}"
EndProject
Project("{FAE04EC0-301F-11D3-BF4B-00C04F79EFBC}") = "Unity.VSCode.Editor", "Unity.VSCode.Editor.csproj", "{D53DE022-CB11-3348-28C1-F0436FF6DFB5}"
EndProject
Project("{FAE04EC0-301F-11D3-BF4B-00C04F79EFBC}") = "OEBIF.Player", "OEBIF.Player.csproj", "{3463B6E0-D3A7-D330-3E81-66CDD272CD9A}"
EndProject
Project("{FAE04EC0-301F-11D3-BF4B-00C04F79EFBC}") = "Assembly-CSharp.Player", "Assembly-CSharp.Player.csproj", "{6066E543-6188-A440-E372-875A7F02E00F}"
EndProject
Global
	GlobalSection(SolutionConfigurationPlatforms) = preSolution
		Debug|Any CPU = Debug|Any CPU
		Release|Any CPU = Release|Any CPU
	EndGlobalSection
	GlobalSection(ProjectConfigurationPlatforms) = postSolution
		{53777FB0-A485-C19E-CC65-151296E216BA}.Debug|Any CPU.ActiveCfg = Debug|Any CPU
		{53777FB0-A485-C19E-CC65-151296E216BA}.Debug|Any CPU.Build.0 = Debug|Any CPU
		{53777FB0-A485-C19E-CC65-151296E216BA}.Release|Any CPU.ActiveCfg = Release|Any CPU
		{53777FB0-A485-C19E-CC65-151296E216BA}.Release|Any CPU.Build.0 = Release|Any CPU
		{42891E53-B547-7F99-9378-5CF3A6835E30}.Debug|Any CPU.ActiveCfg = Debug|Any CPU
		{42891E53-B547-7F99-9378-5CF3A6835E30}.Debug|Any CPU.Build.0 = Debug|Any CPU
		{42891E53-B547-7F99-9378-5CF3A6835E30}.Release|Any CPU.ActiveCfg = Release|Any CPU
		{42891E53-B547-7F99-9378-5CF3A6835E30}.Release|Any CPU.Build.0 = Release|Any CPU
		{FDBA32D7-3985-82ED-6D05-BCA014CC84BB}.Debug|Any CPU.ActiveCfg = Debug|Any CPU
		{FDBA32D7-3985-82ED-6D05-BCA014CC84BB}.Debug|Any CPU.Build.0 = Debug|Any CPU
		{FDBA32D7-3985-82ED-6D05-BCA014CC84BB}.Release|Any CPU.ActiveCfg = Release|Any CPU
		{FDBA32D7-3985-82ED-6D05-BCA014CC84BB}.Release|Any CPU.Build.0 = Release|Any CPU
		{F0BFB68F-877D-E02B-D807-3CCC26659039}.Debug|Any CPU.ActiveCfg = Debug|Any CPU
		{F0BFB68F-877D-E02B-D807-3CCC26659039}.Debug|Any CPU.Build.0 = Debug|Any CPU
		{F0BFB68F-877D-E02B-D807-3CCC26659039}.Release|Any CPU.ActiveCfg = Release|Any CPU
		{F0BFB68F-877D-E02B-D807-3CCC26659039}.Release|Any CPU.Build.0 = Release|Any CPU
		{AD16016F-F224-C290-847B-846EC9F6D516}.Debug|Any CPU.ActiveCfg = Debug|Any CPU
		{AD16016F-F224-C290-847B-846EC9F6D516}.Debug|Any CPU.Build.0 = Debug|Any CPU
		{AD16016F-F224-C290-847B-846EC9F6D516}.Release|Any CPU.ActiveCfg = Release|Any CPU
		{AD16016F-F224-C290-847B-846EC9F6D516}.Release|Any CPU.Build.0 = Release|Any CPU
		{D55CC647-6C86-0BE5-D00C-970EF2405927}.Debug|Any CPU.ActiveCfg = Debug|Any CPU
		{D55CC647-6C86-0BE5-D00C-970EF2405927}.Debug|Any CPU.Build.0 = Debug|Any CPU
		{D55CC647-6C86-0BE5-D00C-970EF2405927}.Release|Any CPU.ActiveCfg = Release|Any CPU
		{D55CC647-6C86-0BE5-D00C-970EF2405927}.Release|Any CPU.Build.0 = Release|Any CPU
		{A608233E-6F38-4F72-F143-6EADDFB4530F}.Debug|Any CPU.ActiveCfg = Debug|Any CPU
		{A608233E-6F38-4F72-F143-6EADDFB4530F}.Debug|Any CPU.Build.0 = Debug|Any CPU
		{A608233E-6F38-4F72-F143-6EADDFB4530F}.Release|Any CPU.ActiveCfg = Release|Any CPU
		{A608233E-6F38-4F72-F143-6EADDFB4530F}.Release|Any CPU.Build.0 = Release|Any CPU
		{B597DA94-F500-300E-4160-D2ADDF1572C7}.Debug|Any CPU.ActiveCfg = Debug|Any CPU
		{B597DA94-F500-300E-4160-D2ADDF1572C7}.Debug|Any CPU.Build.0 = Debug|Any CPU
		{B597DA94-F500-300E-4160-D2ADDF1572C7}.Release|Any CPU.ActiveCfg = Release|Any CPU
		{B597DA94-F500-300E-4160-D2ADDF1572C7}.Release|Any CPU.Build.0 = Release|Any CPU
		{A095DF26-C956-AEF2-CF2B-6EA422B674FD}.Debug|Any CPU.ActiveCfg = Debug|Any CPU
		{A095DF26-C956-AEF2-CF2B-6EA422B674FD}.Debug|Any CPU.Build.0 = Debug|Any CPU
		{A095DF26-C956-AEF2-CF2B-6EA422B674FD}.Release|Any CPU.ActiveCfg = Release|Any CPU
		{A095DF26-C956-AEF2-CF2B-6EA422B674FD}.Release|Any CPU.Build.0 = Release|Any CPU
		{3490D382-B851-F5D8-444E-5FC169957595}.Debug|Any CPU.ActiveCfg = Debug|Any CPU
		{3490D382-B851-F5D8-444E-5FC169957595}.Debug|Any CPU.Build.0 = Debug|Any CPU
		{3490D382-B851-F5D8-444E-5FC169957595}.Release|Any CPU.ActiveCfg = Release|Any CPU
		{3490D382-B851-F5D8-444E-5FC169957595}.Release|Any CPU.Build.0 = Release|Any CPU
		{49436D49-FA64-1F85-37ED-5738600CEC26}.Debug|Any CPU.ActiveCfg = Debug|Any CPU
		{49436D49-FA64-1F85-37ED-5738600CEC26}.Debug|Any CPU.Build.0 = Debug|Any CPU
		{49436D49-FA64-1F85-37ED-5738600CEC26}.Release|Any CPU.ActiveCfg = Release|Any CPU
		{49436D49-FA64-1F85-37ED-5738600CEC26}.Release|Any CPU.Build.0 = Release|Any CPU
		{D36F3EAF-E22C-A808-1CD4-BF917CB22E59}.Debug|Any CPU.ActiveCfg = Debug|Any CPU
		{D36F3EAF-E22C-A808-1CD4-BF917CB22E59}.Debug|Any CPU.Build.0 = Debug|Any CPU
		{D36F3EAF-E22C-A808-1CD4-BF917CB22E59}.Release|Any CPU.ActiveCfg = Release|Any CPU
		{D36F3EAF-E22C-A808-1CD4-BF917CB22E59}.Release|Any CPU.Build.0 = Release|Any CPU
		{D53DE022-CB11-3348-28C1-F0436FF6DFB5}.Debug|Any CPU.ActiveCfg = Debug|Any CPU
		{D53DE022-CB11-3348-28C1-F0436FF6DFB5}.Debug|Any CPU.Build.0 = Debug|Any CPU
		{D53DE022-CB11-3348-28C1-F0436FF6DFB5}.Release|Any CPU.ActiveCfg = Release|Any CPU
		{D53DE022-CB11-3348-28C1-F0436FF6DFB5}.Release|Any CPU.Build.0 = Release|Any CPU
		{3463B6E0-D3A7-D330-3E81-66CDD272CD9A}.Debug|Any CPU.ActiveCfg = Debug|Any CPU
		{3463B6E0-D3A7-D330-3E81-66CDD272CD9A}.Debug|Any CPU.Build.0 = Debug|Any CPU
		{3463B6E0-D3A7-D330-3E81-66CDD272CD9A}.Release|Any CPU.ActiveCfg = Release|Any CPU
		{3463B6E0-D3A7-D330-3E81-66CDD272CD9A}.Release|Any CPU.Build.0 = Release|Any CPU
		{6066E543-6188-A440-E372-875A7F02E00F}.Debug|Any CPU.ActiveCfg = Debug|Any CPU
		{6066E543-6188-A440-E372-875A7F02E00F}.Debug|Any CPU.Build.0 = Debug|Any CPU
		{6066E543-6188-A440-E372-875A7F02E00F}.Release|Any CPU.ActiveCfg = Release|Any CPU
		{6066E543-6188-A440-E372-875A7F02E00F}.Release|Any CPU.Build.0 = Release|Any CPU
	EndGlobalSection
	GlobalSection(SolutionProperties) = preSolution
		HideSolutionNode = FALSE
	EndGlobalSection
EndGlobal
