
Microsoft Visual Studio Solution File, Format Version 12.00
# Visual Studio 15
Project("{FAE04EC0-301F-11D3-BF4B-00C04F79EFBC}") = "UnityEngine.UI", "UnityEngine.UI.csproj", "{93A7B340-A275-B05A-A653-6F1D8F64AF15}"
EndProject
Project("{FAE04EC0-301F-11D3-BF4B-00C04F79EFBC}") = "UnityEngine.TestRunner", "UnityEngine.TestRunner.csproj", "{8E063B5F-0949-B5E1-3661-FF457B4A329F}"
EndProject
Project("{FAE04EC0-301F-11D3-BF4B-00C04F79EFBC}") = "com.unity.multiplayer-hlapi.Runtime", "com.unity.multiplayer-hlapi.Runtime.csproj", "{2CB51E61-E457-58BE-8E87-1D0259E8E53A}"
EndProject
Project("{FAE04EC0-301F-11D3-BF4B-00C04F79EFBC}") = "Unity.TextMeshPro", "Unity.TextMeshPro.csproj", "{E853351D-6529-06E1-36F8-342EC92788C5}"
EndProject
Project("{FAE04EC0-301F-11D3-BF4B-00C04F79EFBC}") = "Unity.Timeline", "Unity.Timeline.csproj", "{B8EC4842-E855-B5CC-465C-C2CC11CAE42E}"
EndProject
Project("{FAE04EC0-301F-11D3-BF4B-00C04F79EFBC}") = "UnityEngine.Purchasing", "UnityEngine.Purchasing.csproj", "{21AA6AA2-E6DE-3CC5-DA63-62C13238B9F2}"
EndProject
Project("{FAE04EC0-301F-11D3-BF4B-00C04F79EFBC}") = "UnityEngine.Advertisements", "UnityEngine.Advertisements.csproj", "{72D9913D-6ADA-F10C-F721-69CD6D4D0761}"
EndProject
Project("{FAE04EC0-301F-11D3-BF4B-00C04F79EFBC}") = "Unity.Analytics.DataPrivacy", "Unity.Analytics.DataPrivacy.csproj", "{B345F2EF-2A38-7D34-9D35-822672E68B9A}"
EndProject
Project("{FAE04EC0-301F-11D3-BF4B-00C04F79EFBC}") = "OEBIF", "OEBIF.csproj", "{686ACBF1-5D1D-0333-3551-7810540F272A}"
EndProject
Project("{FAE04EC0-301F-11D3-BF4B-00C04F79EFBC}") = "UnityEngine.Monetization", "UnityEngine.Monetization.csproj", "{C272F667-7B4A-1B4F-1534-B2F952E392FC}"
EndProject
Project("{FAE04EC0-301F-11D3-BF4B-00C04F79EFBC}") = "UnityEngine.XR.LegacyInputHelpers", "UnityEngine.XR.LegacyInputHelpers.csproj", "{3F4EE11A-98E4-6BCD-64BD-935859CB7216}"
EndProject
Project("{FAE04EC0-301F-11D3-BF4B-00C04F79EFBC}") = "Assembly-CSharp", "Assembly-CSharp.csproj", "{70246F96-D2BE-0778-12B0-D6BC153F3253}"
EndProject
Project("{FAE04EC0-301F-11D3-BF4B-00C04F79EFBC}") = "UnityEngine.SpatialTracking", "UnityEngine.SpatialTracking.csproj", "{8BEF561E-5A74-0212-52CC-B42C569C85C1}"
EndProject
Project("{FAE04EC0-301F-11D3-BF4B-00C04F79EFBC}") = "UnityEditor.TestRunner", "UnityEditor.TestRunner.csproj", "{A1BC9CDD-4202-3020-8940-DA1B2FF4A3BF}"
EndProject
Project("{FAE04EC0-301F-11D3-BF4B-00C04F79EFBC}") = "Unity.TextMeshPro.Editor", "Unity.TextMeshPro.Editor.csproj", "{10BAB22A-BB07-146A-87C6-AF2653172DEC}"
EndProject
Project("{FAE04EC0-301F-11D3-BF4B-00C04F79EFBC}") = "Unity.Timeline.Editor", "Unity.Timeline.Editor.csproj", "{3D3C766E-C5EE-0820-E86E-E40F9E3C4628}"
EndProject
Project("{FAE04EC0-301F-11D3-BF4B-00C04F79EFBC}") = "Unity.2D.Sprite.Editor", "Unity.2D.Sprite.Editor.csproj", "{F25D5089-E13F-0425-24DF-D39E889FE95E}"
EndProject
Project("{FAE04EC0-301F-11D3-BF4B-00C04F79EFBC}") = "com.unity.multiplayer-hlapi.Editor", "com.unity.multiplayer-hlapi.Editor.csproj", "{A2200DAA-2DAA-CB7E-C5BA-DE6B6FC0573A}"
EndProject
Project("{FAE04EC0-301F-11D3-BF4B-00C04F79EFBC}") = "UnityEditor.UI", "UnityEditor.UI.csproj", "{64F72550-07DE-AD04-47C9-A048F2933AF1}"
EndProject
Project("{FAE04EC0-301F-11D3-BF4B-00C04F79EFBC}") = "Unity.Rider.Editor", "Unity.Rider.Editor.csproj", "{54DA003B-C22D-8E4A-25AC-599755A0DAE2}"
EndProject
Project("{FAE04EC0-301F-11D3-BF4B-00C04F79EFBC}") = "Unity.2D.Tilemap.Editor", "Unity.2D.Tilemap.Editor.csproj", "{E9CB7550-7BBF-6FAB-AD75-2443C64EF495}"
EndProject
Project("{FAE04EC0-301F-11D3-BF4B-00C04F79EFBC}") = "UnityEngine.Advertisements.Editor", "UnityEngine.Advertisements.Editor.csproj", "{25768AA1-AAA7-C314-9297-D6F8A0B516C4}"
EndProject
Project("{FAE04EC0-301F-11D3-BF4B-00C04F79EFBC}") = "UnityEditor.XR.LegacyInputHelpers", "UnityEditor.XR.LegacyInputHelpers.csproj", "{395CBD0A-C578-6CF6-5E67-312EB755CEC9}"
EndProject
Project("{FAE04EC0-301F-11D3-BF4B-00C04F79EFBC}") = "Unity.CollabProxy.Editor", "Unity.CollabProxy.Editor.csproj", "{706CF417-27C6-DA2A-52A2-987055612A60}"
EndProject
Project("{FAE04EC0-301F-11D3-BF4B-00C04F79EFBC}") = "com.unity.multiplayer-weaver.Editor", "com.unity.multiplayer-weaver.Editor.csproj", "{CEC1FF36-A7B5-3D2D-31D8-CC9752A973C7}"
EndProject
Project("{FAE04EC0-301F-11D3-BF4B-00C04F79EFBC}") = "Unity.VSCode.Editor", "Unity.VSCode.Editor.csproj", "{C010CA5E-52A6-E478-7AFF-93E5302CDE03}"
EndProject
Project("{FAE04EC0-301F-11D3-BF4B-00C04F79EFBC}") = "UnityEditor.Purchasing", "UnityEditor.Purchasing.csproj", "{97DE308D-F0DE-4EC7-6A02-FD5B6A1A9C43}"
EndProject
Project("{FAE04EC0-301F-11D3-BF4B-00C04F79EFBC}") = "UnityEditor.SpatialTracking", "UnityEditor.SpatialTracking.csproj", "{F6976B8D-FB22-EF8B-EEAF-A9F53546AF44}"
EndProject
Project("{FAE04EC0-301F-11D3-BF4B-00C04F79EFBC}") = "OEBIF.Player", "OEBIF.Player.csproj", "{3463B6E0-D3A7-D330-3E81-66CDD272CD9A}"
EndProject
Project("{FAE04EC0-301F-11D3-BF4B-00C04F79EFBC}") = "Assembly-CSharp.Player", "Assembly-CSharp.Player.csproj", "{6066E543-6188-A440-E372-875A7F02E00F}"
EndProject
Global
	GlobalSection(SolutionConfigurationPlatforms) = preSolution
		Debug|Any CPU = Debug|Any CPU
		Release|Any CPU = Release|Any CPU
	EndGlobalSection
	GlobalSection(ProjectConfigurationPlatforms) = postSolution
		{93A7B340-A275-B05A-A653-6F1D8F64AF15}.Debug|Any CPU.ActiveCfg = Debug|Any CPU
		{93A7B340-A275-B05A-A653-6F1D8F64AF15}.Debug|Any CPU.Build.0 = Debug|Any CPU
		{93A7B340-A275-B05A-A653-6F1D8F64AF15}.Release|Any CPU.ActiveCfg = Release|Any CPU
		{93A7B340-A275-B05A-A653-6F1D8F64AF15}.Release|Any CPU.Build.0 = Release|Any CPU
		{8E063B5F-0949-B5E1-3661-FF457B4A329F}.Debug|Any CPU.ActiveCfg = Debug|Any CPU
		{8E063B5F-0949-B5E1-3661-FF457B4A329F}.Debug|Any CPU.Build.0 = Debug|Any CPU
		{8E063B5F-0949-B5E1-3661-FF457B4A329F}.Release|Any CPU.ActiveCfg = Release|Any CPU
		{8E063B5F-0949-B5E1-3661-FF457B4A329F}.Release|Any CPU.Build.0 = Release|Any CPU
		{2CB51E61-E457-58BE-8E87-1D0259E8E53A}.Debug|Any CPU.ActiveCfg = Debug|Any CPU
		{2CB51E61-E457-58BE-8E87-1D0259E8E53A}.Debug|Any CPU.Build.0 = Debug|Any CPU
		{2CB51E61-E457-58BE-8E87-1D0259E8E53A}.Release|Any CPU.ActiveCfg = Release|Any CPU
		{2CB51E61-E457-58BE-8E87-1D0259E8E53A}.Release|Any CPU.Build.0 = Release|Any CPU
		{E853351D-6529-06E1-36F8-342EC92788C5}.Debug|Any CPU.ActiveCfg = Debug|Any CPU
		{E853351D-6529-06E1-36F8-342EC92788C5}.Debug|Any CPU.Build.0 = Debug|Any CPU
		{E853351D-6529-06E1-36F8-342EC92788C5}.Release|Any CPU.ActiveCfg = Release|Any CPU
		{E853351D-6529-06E1-36F8-342EC92788C5}.Release|Any CPU.Build.0 = Release|Any CPU
		{B8EC4842-E855-B5CC-465C-C2CC11CAE42E}.Debug|Any CPU.ActiveCfg = Debug|Any CPU
		{B8EC4842-E855-B5CC-465C-C2CC11CAE42E}.Debug|Any CPU.Build.0 = Debug|Any CPU
		{B8EC4842-E855-B5CC-465C-C2CC11CAE42E}.Release|Any CPU.ActiveCfg = Release|Any CPU
		{B8EC4842-E855-B5CC-465C-C2CC11CAE42E}.Release|Any CPU.Build.0 = Release|Any CPU
		{21AA6AA2-E6DE-3CC5-DA63-62C13238B9F2}.Debug|Any CPU.ActiveCfg = Debug|Any CPU
		{21AA6AA2-E6DE-3CC5-DA63-62C13238B9F2}.Debug|Any CPU.Build.0 = Debug|Any CPU
		{21AA6AA2-E6DE-3CC5-DA63-62C13238B9F2}.Release|Any CPU.ActiveCfg = Release|Any CPU
		{21AA6AA2-E6DE-3CC5-DA63-62C13238B9F2}.Release|Any CPU.Build.0 = Release|Any CPU
		{72D9913D-6ADA-F10C-F721-69CD6D4D0761}.Debug|Any CPU.ActiveCfg = Debug|Any CPU
		{72D9913D-6ADA-F10C-F721-69CD6D4D0761}.Debug|Any CPU.Build.0 = Debug|Any CPU
		{72D9913D-6ADA-F10C-F721-69CD6D4D0761}.Release|Any CPU.ActiveCfg = Release|Any CPU
		{72D9913D-6ADA-F10C-F721-69CD6D4D0761}.Release|Any CPU.Build.0 = Release|Any CPU
		{B345F2EF-2A38-7D34-9D35-822672E68B9A}.Debug|Any CPU.ActiveCfg = Debug|Any CPU
		{B345F2EF-2A38-7D34-9D35-822672E68B9A}.Debug|Any CPU.Build.0 = Debug|Any CPU
		{B345F2EF-2A38-7D34-9D35-822672E68B9A}.Release|Any CPU.ActiveCfg = Release|Any CPU
		{B345F2EF-2A38-7D34-9D35-822672E68B9A}.Release|Any CPU.Build.0 = Release|Any CPU
		{686ACBF1-5D1D-0333-3551-7810540F272A}.Debug|Any CPU.ActiveCfg = Debug|Any CPU
		{686ACBF1-5D1D-0333-3551-7810540F272A}.Debug|Any CPU.Build.0 = Debug|Any CPU
		{686ACBF1-5D1D-0333-3551-7810540F272A}.Release|Any CPU.ActiveCfg = Release|Any CPU
		{686ACBF1-5D1D-0333-3551-7810540F272A}.Release|Any CPU.Build.0 = Release|Any CPU
		{C272F667-7B4A-1B4F-1534-B2F952E392FC}.Debug|Any CPU.ActiveCfg = Debug|Any CPU
		{C272F667-7B4A-1B4F-1534-B2F952E392FC}.Debug|Any CPU.Build.0 = Debug|Any CPU
		{C272F667-7B4A-1B4F-1534-B2F952E392FC}.Release|Any CPU.ActiveCfg = Release|Any CPU
		{C272F667-7B4A-1B4F-1534-B2F952E392FC}.Release|Any CPU.Build.0 = Release|Any CPU
		{3F4EE11A-98E4-6BCD-64BD-935859CB7216}.Debug|Any CPU.ActiveCfg = Debug|Any CPU
		{3F4EE11A-98E4-6BCD-64BD-935859CB7216}.Debug|Any CPU.Build.0 = Debug|Any CPU
		{3F4EE11A-98E4-6BCD-64BD-935859CB7216}.Release|Any CPU.ActiveCfg = Release|Any CPU
		{3F4EE11A-98E4-6BCD-64BD-935859CB7216}.Release|Any CPU.Build.0 = Release|Any CPU
		{70246F96-D2BE-0778-12B0-D6BC153F3253}.Debug|Any CPU.ActiveCfg = Debug|Any CPU
		{70246F96-D2BE-0778-12B0-D6BC153F3253}.Debug|Any CPU.Build.0 = Debug|Any CPU
		{70246F96-D2BE-0778-12B0-D6BC153F3253}.Release|Any CPU.ActiveCfg = Release|Any CPU
		{70246F96-D2BE-0778-12B0-D6BC153F3253}.Release|Any CPU.Build.0 = Release|Any CPU
		{8BEF561E-5A74-0212-52CC-B42C569C85C1}.Debug|Any CPU.ActiveCfg = Debug|Any CPU
		{8BEF561E-5A74-0212-52CC-B42C569C85C1}.Debug|Any CPU.Build.0 = Debug|Any CPU
		{8BEF561E-5A74-0212-52CC-B42C569C85C1}.Release|Any CPU.ActiveCfg = Release|Any CPU
		{8BEF561E-5A74-0212-52CC-B42C569C85C1}.Release|Any CPU.Build.0 = Release|Any CPU
		{A1BC9CDD-4202-3020-8940-DA1B2FF4A3BF}.Debug|Any CPU.ActiveCfg = Debug|Any CPU
		{A1BC9CDD-4202-3020-8940-DA1B2FF4A3BF}.Debug|Any CPU.Build.0 = Debug|Any CPU
		{A1BC9CDD-4202-3020-8940-DA1B2FF4A3BF}.Release|Any CPU.ActiveCfg = Release|Any CPU
		{A1BC9CDD-4202-3020-8940-DA1B2FF4A3BF}.Release|Any CPU.Build.0 = Release|Any CPU
		{10BAB22A-BB07-146A-87C6-AF2653172DEC}.Debug|Any CPU.ActiveCfg = Debug|Any CPU
		{10BAB22A-BB07-146A-87C6-AF2653172DEC}.Debug|Any CPU.Build.0 = Debug|Any CPU
		{10BAB22A-BB07-146A-87C6-AF2653172DEC}.Release|Any CPU.ActiveCfg = Release|Any CPU
		{10BAB22A-BB07-146A-87C6-AF2653172DEC}.Release|Any CPU.Build.0 = Release|Any CPU
		{3D3C766E-C5EE-0820-E86E-E40F9E3C4628}.Debug|Any CPU.ActiveCfg = Debug|Any CPU
		{3D3C766E-C5EE-0820-E86E-E40F9E3C4628}.Debug|Any CPU.Build.0 = Debug|Any CPU
		{3D3C766E-C5EE-0820-E86E-E40F9E3C4628}.Release|Any CPU.ActiveCfg = Release|Any CPU
		{3D3C766E-C5EE-0820-E86E-E40F9E3C4628}.Release|Any CPU.Build.0 = Release|Any CPU
		{F25D5089-E13F-0425-24DF-D39E889FE95E}.Debug|Any CPU.ActiveCfg = Debug|Any CPU
		{F25D5089-E13F-0425-24DF-D39E889FE95E}.Debug|Any CPU.Build.0 = Debug|Any CPU
		{F25D5089-E13F-0425-24DF-D39E889FE95E}.Release|Any CPU.ActiveCfg = Release|Any CPU
		{F25D5089-E13F-0425-24DF-D39E889FE95E}.Release|Any CPU.Build.0 = Release|Any CPU
		{A2200DAA-2DAA-CB7E-C5BA-DE6B6FC0573A}.Debug|Any CPU.ActiveCfg = Debug|Any CPU
		{A2200DAA-2DAA-CB7E-C5BA-DE6B6FC0573A}.Debug|Any CPU.Build.0 = Debug|Any CPU
		{A2200DAA-2DAA-CB7E-C5BA-DE6B6FC0573A}.Release|Any CPU.ActiveCfg = Release|Any CPU
		{A2200DAA-2DAA-CB7E-C5BA-DE6B6FC0573A}.Release|Any CPU.Build.0 = Release|Any CPU
		{64F72550-07DE-AD04-47C9-A048F2933AF1}.Debug|Any CPU.ActiveCfg = Debug|Any CPU
		{64F72550-07DE-AD04-47C9-A048F2933AF1}.Debug|Any CPU.Build.0 = Debug|Any CPU
		{64F72550-07DE-AD04-47C9-A048F2933AF1}.Release|Any CPU.ActiveCfg = Release|Any CPU
		{64F72550-07DE-AD04-47C9-A048F2933AF1}.Release|Any CPU.Build.0 = Release|Any CPU
		{54DA003B-C22D-8E4A-25AC-599755A0DAE2}.Debug|Any CPU.ActiveCfg = Debug|Any CPU
		{54DA003B-C22D-8E4A-25AC-599755A0DAE2}.Debug|Any CPU.Build.0 = Debug|Any CPU
		{54DA003B-C22D-8E4A-25AC-599755A0DAE2}.Release|Any CPU.ActiveCfg = Release|Any CPU
		{54DA003B-C22D-8E4A-25AC-599755A0DAE2}.Release|Any CPU.Build.0 = Release|Any CPU
		{E9CB7550-7BBF-6FAB-AD75-2443C64EF495}.Debug|Any CPU.ActiveCfg = Debug|Any CPU
		{E9CB7550-7BBF-6FAB-AD75-2443C64EF495}.Debug|Any CPU.Build.0 = Debug|Any CPU
		{E9CB7550-7BBF-6FAB-AD75-2443C64EF495}.Release|Any CPU.ActiveCfg = Release|Any CPU
		{E9CB7550-7BBF-6FAB-AD75-2443C64EF495}.Release|Any CPU.Build.0 = Release|Any CPU
		{25768AA1-AAA7-C314-9297-D6F8A0B516C4}.Debug|Any CPU.ActiveCfg = Debug|Any CPU
		{25768AA1-AAA7-C314-9297-D6F8A0B516C4}.Debug|Any CPU.Build.0 = Debug|Any CPU
		{25768AA1-AAA7-C314-9297-D6F8A0B516C4}.Release|Any CPU.ActiveCfg = Release|Any CPU
		{25768AA1-AAA7-C314-9297-D6F8A0B516C4}.Release|Any CPU.Build.0 = Release|Any CPU
		{395CBD0A-C578-6CF6-5E67-312EB755CEC9}.Debug|Any CPU.ActiveCfg = Debug|Any CPU
		{395CBD0A-C578-6CF6-5E67-312EB755CEC9}.Debug|Any CPU.Build.0 = Debug|Any CPU
		{395CBD0A-C578-6CF6-5E67-312EB755CEC9}.Release|Any CPU.ActiveCfg = Release|Any CPU
		{395CBD0A-C578-6CF6-5E67-312EB755CEC9}.Release|Any CPU.Build.0 = Release|Any CPU
		{706CF417-27C6-DA2A-52A2-987055612A60}.Debug|Any CPU.ActiveCfg = Debug|Any CPU
		{706CF417-27C6-DA2A-52A2-987055612A60}.Debug|Any CPU.Build.0 = Debug|Any CPU
		{706CF417-27C6-DA2A-52A2-987055612A60}.Release|Any CPU.ActiveCfg = Release|Any CPU
		{706CF417-27C6-DA2A-52A2-987055612A60}.Release|Any CPU.Build.0 = Release|Any CPU
		{CEC1FF36-A7B5-3D2D-31D8-CC9752A973C7}.Debug|Any CPU.ActiveCfg = Debug|Any CPU
		{CEC1FF36-A7B5-3D2D-31D8-CC9752A973C7}.Debug|Any CPU.Build.0 = Debug|Any CPU
		{CEC1FF36-A7B5-3D2D-31D8-CC9752A973C7}.Release|Any CPU.ActiveCfg = Release|Any CPU
		{CEC1FF36-A7B5-3D2D-31D8-CC9752A973C7}.Release|Any CPU.Build.0 = Release|Any CPU
		{C010CA5E-52A6-E478-7AFF-93E5302CDE03}.Debug|Any CPU.ActiveCfg = Debug|Any CPU
		{C010CA5E-52A6-E478-7AFF-93E5302CDE03}.Debug|Any CPU.Build.0 = Debug|Any CPU
		{C010CA5E-52A6-E478-7AFF-93E5302CDE03}.Release|Any CPU.ActiveCfg = Release|Any CPU
		{C010CA5E-52A6-E478-7AFF-93E5302CDE03}.Release|Any CPU.Build.0 = Release|Any CPU
		{97DE308D-F0DE-4EC7-6A02-FD5B6A1A9C43}.Debug|Any CPU.ActiveCfg = Debug|Any CPU
		{97DE308D-F0DE-4EC7-6A02-FD5B6A1A9C43}.Debug|Any CPU.Build.0 = Debug|Any CPU
		{97DE308D-F0DE-4EC7-6A02-FD5B6A1A9C43}.Release|Any CPU.ActiveCfg = Release|Any CPU
		{97DE308D-F0DE-4EC7-6A02-FD5B6A1A9C43}.Release|Any CPU.Build.0 = Release|Any CPU
		{F6976B8D-FB22-EF8B-EEAF-A9F53546AF44}.Debug|Any CPU.ActiveCfg = Debug|Any CPU
		{F6976B8D-FB22-EF8B-EEAF-A9F53546AF44}.Debug|Any CPU.Build.0 = Debug|Any CPU
		{F6976B8D-FB22-EF8B-EEAF-A9F53546AF44}.Release|Any CPU.ActiveCfg = Release|Any CPU
		{F6976B8D-FB22-EF8B-EEAF-A9F53546AF44}.Release|Any CPU.Build.0 = Release|Any CPU
		{3463B6E0-D3A7-D330-3E81-66CDD272CD9A}.Debug|Any CPU.ActiveCfg = Debug|Any CPU
		{3463B6E0-D3A7-D330-3E81-66CDD272CD9A}.Debug|Any CPU.Build.0 = Debug|Any CPU
		{3463B6E0-D3A7-D330-3E81-66CDD272CD9A}.Release|Any CPU.ActiveCfg = Release|Any CPU
		{3463B6E0-D3A7-D330-3E81-66CDD272CD9A}.Release|Any CPU.Build.0 = Release|Any CPU
		{6066E543-6188-A440-E372-875A7F02E00F}.Debug|Any CPU.ActiveCfg = Debug|Any CPU
		{6066E543-6188-A440-E372-875A7F02E00F}.Debug|Any CPU.Build.0 = Debug|Any CPU
		{6066E543-6188-A440-E372-875A7F02E00F}.Release|Any CPU.ActiveCfg = Release|Any CPU
		{6066E543-6188-A440-E372-875A7F02E00F}.Release|Any CPU.Build.0 = Release|Any CPU
	EndGlobalSection
	GlobalSection(SolutionProperties) = preSolution
		HideSolutionNode = FALSE
	EndGlobalSection
EndGlobal
